
Microsoft Visual Studio Solution File, Format Version 12.00
# Visual Studio Version 17
VisualStudioVersion = 17.12.35707.178 d17.12
MinimumVisualStudioVersion = 10.0.40219.1
Project("{2150E333-8FDC-42A3-9474-1A3956D46DE8}") = "Lesson_02", "Lesson_02", "{3099D40C-4CEB-4396-91F7-055479ABF612}"
EndProject
Project("{FAE04EC0-301F-11D3-BF4B-00C04F79EFBC}") = "Task_02_02", "Task_02_02\Task_02_02.csproj", "{EB4DE998-AEA6-4BBE-802A-6BB68AB65D1B}"
EndProject
Project("{FAE04EC0-301F-11D3-BF4B-00C04F79EFBC}") = "Task_02_04", "Tast_02_04\Task_02_04.csproj", "{45F32802-A009-49B3-9E7F-DF673F5DB3FC}"
EndProject
Project("{2150E333-8FDC-42A3-9474-1A3956D46DE8}") = "Lesson_03", "Lesson_03", "{5FE3FE8B-5CAD-41BB-B842-DDAB0CED262C}"
EndProject
Project("{FAE04EC0-301F-11D3-BF4B-00C04F79EFBC}") = "Task_03_04", "Task_03_04\Task_03_04.csproj", "{064D9FD4-4306-467D-91C6-554B2D3582B7}"
EndProject
Project("{FAE04EC0-301F-11D3-BF4B-00C04F79EFBC}") = "Task_03_05", "Task_03_05\Task_03_05.csproj", "{BC70F538-4120-4E3B-839D-FB8AFA50A2AE}"
EndProject
Project("{FAE04EC0-301F-11D3-BF4B-00C04F79EFBC}") = "Task_03_06", "Task_03_06\Task_03_06.csproj", "{FEEACE7C-2D9B-4AD7-B232-448BA4E744F7}"
EndProject
Project("{FAE04EC0-301F-11D3-BF4B-00C04F79EFBC}") = "Task_03_07", "Task_03_07\Task_03_07.csproj", "{C788BA9E-F64A-4380-9AD8-7BCED7335B7E}"
EndProject
Global
	GlobalSection(SolutionConfigurationPlatforms) = preSolution
		Debug|Any CPU = Debug|Any CPU
		Release|Any CPU = Release|Any CPU
	EndGlobalSection
	GlobalSection(ProjectConfigurationPlatforms) = postSolution
		{EB4DE998-AEA6-4BBE-802A-6BB68AB65D1B}.Debug|Any CPU.ActiveCfg = Debug|Any CPU
		{EB4DE998-AEA6-4BBE-802A-6BB68AB65D1B}.Debug|Any CPU.Build.0 = Debug|Any CPU
		{EB4DE998-AEA6-4BBE-802A-6BB68AB65D1B}.Release|Any CPU.ActiveCfg = Release|Any CPU
		{EB4DE998-AEA6-4BBE-802A-6BB68AB65D1B}.Release|Any CPU.Build.0 = Release|Any CPU
		{45F32802-A009-49B3-9E7F-DF673F5DB3FC}.Debug|Any CPU.ActiveCfg = Debug|Any CPU
		{45F32802-A009-49B3-9E7F-DF673F5DB3FC}.Debug|Any CPU.Build.0 = Debug|Any CPU
		{45F32802-A009-49B3-9E7F-DF673F5DB3FC}.Release|Any CPU.ActiveCfg = Release|Any CPU
		{45F32802-A009-49B3-9E7F-DF673F5DB3FC}.Release|Any CPU.Build.0 = Release|Any CPU
		{064D9FD4-4306-467D-91C6-554B2D3582B7}.Debug|Any CPU.ActiveCfg = Debug|Any CPU
		{064D9FD4-4306-467D-91C6-554B2D3582B7}.Debug|Any CPU.Build.0 = Debug|Any CPU
		{064D9FD4-4306-467D-91C6-554B2D3582B7}.Release|Any CPU.ActiveCfg = Release|Any CPU
		{064D9FD4-4306-467D-91C6-554B2D3582B7}.Release|Any CPU.Build.0 = Release|Any CPU
		{BC70F538-4120-4E3B-839D-FB8AFA50A2AE}.Debug|Any CPU.ActiveCfg = Debug|Any CPU
		{BC70F538-4120-4E3B-839D-FB8AFA50A2AE}.Debug|Any CPU.Build.0 = Debug|Any CPU
		{BC70F538-4120-4E3B-839D-FB8AFA50A2AE}.Release|Any CPU.ActiveCfg = Release|Any CPU
		{BC70F538-4120-4E3B-839D-FB8AFA50A2AE}.Release|Any CPU.Build.0 = Release|Any CPU
		{FEEACE7C-2D9B-4AD7-B232-448BA4E744F7}.Debug|Any CPU.ActiveCfg = Debug|Any CPU
		{FEEACE7C-2D9B-4AD7-B232-448BA4E744F7}.Debug|Any CPU.Build.0 = Debug|Any CPU
		{FEEACE7C-2D9B-4AD7-B232-448BA4E744F7}.Release|Any CPU.ActiveCfg = Release|Any CPU
		{FEEACE7C-2D9B-4AD7-B232-448BA4E744F7}.Release|Any CPU.Build.0 = Release|Any CPU
		{C788BA9E-F64A-4380-9AD8-7BCED7335B7E}.Debug|Any CPU.ActiveCfg = Debug|Any CPU
		{C788BA9E-F64A-4380-9AD8-7BCED7335B7E}.Debug|Any CPU.Build.0 = Debug|Any CPU
		{C788BA9E-F64A-4380-9AD8-7BCED7335B7E}.Release|Any CPU.ActiveCfg = Release|Any CPU
		{C788BA9E-F64A-4380-9AD8-7BCED7335B7E}.Release|Any CPU.Build.0 = Release|Any CPU
	EndGlobalSection
	GlobalSection(SolutionProperties) = preSolution
		HideSolutionNode = FALSE
	EndGlobalSection
	GlobalSection(NestedProjects) = preSolution
		{EB4DE998-AEA6-4BBE-802A-6BB68AB65D1B} = {3099D40C-4CEB-4396-91F7-055479ABF612}
		{45F32802-A009-49B3-9E7F-DF673F5DB3FC} = {3099D40C-4CEB-4396-91F7-055479ABF612}
		{064D9FD4-4306-467D-91C6-554B2D3582B7} = {5FE3FE8B-5CAD-41BB-B842-DDAB0CED262C}
		{BC70F538-4120-4E3B-839D-FB8AFA50A2AE} = {5FE3FE8B-5CAD-41BB-B842-DDAB0CED262C}
		{FEEACE7C-2D9B-4AD7-B232-448BA4E744F7} = {5FE3FE8B-5CAD-41BB-B842-DDAB0CED262C}
		{C788BA9E-F64A-4380-9AD8-7BCED7335B7E} = {5FE3FE8B-5CAD-41BB-B842-DDAB0CED262C}
	EndGlobalSection
EndGlobal
